{
      "name": "05-proyecto",
      "version": "1.0.2",
      "lockfileVersion": 1,
      "requires": true,
      "dependencies": {
        "f-kevin-ramos": {
          "version": "1.0.7",
          "resolved": "https://registry.npmjs.org/f-kevin-ramos/-/f-kevin-ramos-1.0.7.tgz",
          "integrity": "sha512-wNYXpCkQugaDinqV6KNblzLyaIMgckQl1HsR7PL1HQoxlNFakSDTtVrZruGKAe7e66bWIh+iIYtdFXapaXV0Pg=="
        }
      }
    }